
Microsoft Visual Studio Solution File, Format Version 12.00
# Visual Studio Version 17
VisualStudioVersion = 17.7.34003.232
MinimumVisualStudioVersion = 10.0.40219.1
Project("{FAE04EC0-301F-11D3-BF4B-00C04F79EFBC}") = "Lab2oop", "Lab2oop\Lab2oop.csproj", "{A263ACB8-E314-4126-8EF3-50541040A790}"
EndProject
Global
	GlobalSection(SolutionConfigurationPlatforms) = preSolution
		Debug|Any CPU = Debug|Any CPU
		Release|Any CPU = Release|Any CPU
	EndGlobalSection
	GlobalSection(ProjectConfigurationPlatforms) = postSolution
		{A263ACB8-E314-4126-8EF3-50541040A790}.Debug|Any CPU.ActiveCfg = Debug|Any CPU
		{A263ACB8-E314-4126-8EF3-50541040A790}.Debug|Any CPU.Build.0 = Debug|Any CPU
		{A263ACB8-E314-4126-8EF3-50541040A790}.Debug|Any CPU.Deploy.0 = Debug|Any CPU
		{A263ACB8-E314-4126-8EF3-50541040A790}.Release|Any CPU.ActiveCfg = Release|Any CPU
		{A263ACB8-E314-4126-8EF3-50541040A790}.Release|Any CPU.Build.0 = Release|Any CPU
		{A263ACB8-E314-4126-8EF3-50541040A790}.Release|Any CPU.Deploy.0 = Release|Any CPU
	EndGlobalSection
	GlobalSection(SolutionProperties) = preSolution
		HideSolutionNode = FALSE
	EndGlobalSection
	GlobalSection(ExtensibilityGlobals) = postSolution
		SolutionGuid = {4BF481A4-216F-4F7A-A818-D59B69557FB2}
	EndGlobalSection
EndGlobal
